
Microsoft Visual Studio Solution File, Format Version 12.00
# Visual Studio 15
VisualStudioVersion = 15.0.27130.2036
MinimumVisualStudioVersion = 10.0.40219.1
Project("{FAE04EC0-301F-11D3-BF4B-00C04F79EFBC}") = "kacicnik_vaja1", "kacicnik_vaja1\kacicnik_vaja1.csproj", "{3730921A-2154-47B6-9EA9-8DEA8DE4D67C}"
EndProject
Global
	GlobalSection(SolutionConfigurationPlatforms) = preSolution
		Debug|Any CPU = Debug|Any CPU
		Release|Any CPU = Release|Any CPU
	EndGlobalSection
	GlobalSection(ProjectConfigurationPlatforms) = postSolution
		{3730921A-2154-47B6-9EA9-8DEA8DE4D67C}.Debug|Any CPU.ActiveCfg = Debug|Any CPU
		{3730921A-2154-47B6-9EA9-8DEA8DE4D67C}.Debug|Any CPU.Build.0 = Debug|Any CPU
		{3730921A-2154-47B6-9EA9-8DEA8DE4D67C}.Release|Any CPU.ActiveCfg = Release|Any CPU
		{3730921A-2154-47B6-9EA9-8DEA8DE4D67C}.Release|Any CPU.Build.0 = Release|Any CPU
	EndGlobalSection
	GlobalSection(SolutionProperties) = preSolution
		HideSolutionNode = FALSE
	EndGlobalSection
	GlobalSection(ExtensibilityGlobals) = postSolution
		SolutionGuid = {DBC39CF3-883D-453D-B6B9-5DB9E037106D}
	EndGlobalSection
EndGlobal
